
Microsoft Visual Studio Solution File, Format Version 12.00
# Visual Studio Version 16
VisualStudioVersion = 25.0.1705.3
MinimumVisualStudioVersion = 10.0.40219.1
Project("{FAE04EC0-301F-11D3-BF4B-00C04F79EFBC}") = "ZTAM.Api", "ZTAM.Api\ZTAM.Api.csproj", "{058D6D37-783D-4CB9-82C8-BC67930716B2}"
EndProject
Global
	GlobalSection(SolutionConfigurationPlatforms) = preSolution
		Debug|Any CPU = Debug|Any CPU
		Release|Any CPU = Release|Any CPU
	EndGlobalSection
	GlobalSection(ProjectConfigurationPlatforms) = postSolution
		{058D6D37-783D-4CB9-82C8-BC67930716B2}.Debug|Any CPU.ActiveCfg = Debug|Any CPU
		{058D6D37-783D-4CB9-82C8-BC67930716B2}.Debug|Any CPU.Build.0 = Debug|Any CPU
		{058D6D37-783D-4CB9-82C8-BC67930716B2}.Release|Any CPU.ActiveCfg = Release|Any CPU
		{058D6D37-783D-4CB9-82C8-BC67930716B2}.Release|Any CPU.Build.0 = Release|Any CPU
	EndGlobalSection
	GlobalSection(SolutionProperties) = preSolution
		HideSolutionNode = FALSE
	EndGlobalSection
	GlobalSection(ExtensibilityGlobals) = postSolution
		SolutionGuid = {9F383F80-0618-41A4-9E96-7CCBAE59A15E}
	EndGlobalSection
EndGlobal
